github.com/gorilla/websocket v1.5.3 h1:saDtZ6Pbx/0u+bgYQ3q96pZgCzfhKXGPqt7kZ72aNNg=
github.com/gorilla/websocket v1.5.3/go.mod h1:YR8l580nyteQvAITg2hZ9XVh4b55+EU/adAjf1fMHhE=
github.com/odvcencio/gotreesitter v0.20.1 h1:h6aiS5AvXhpfCdLzOSQui8IYkJBmH+tZuujInZzVxFw=
github.com/odvcencio/gotreesitter v0.20.1/go.mod h1:hBVkghd0paaYAVwd2087vfwdeU984bQbMo9LvpE0moo=
github.com/odvcencio/turboquant v0.1.3 h1:ec4FowLEwU2us/TderujmxI9nxMbFaLJTsPaa/TRs3o=
github.com/odvcencio/turboquant v0.1.3/go.mod h1:ty5h3EkX85p64iBnvWzUGvDuRr6kplOcCE2KBZLtAf8=
m31labs.dev/gosx v0.24.0 h1:+6T5kY+TXc3Uya3oNGs5BFHoNVQrVBbG3rRmInzkBQU=
m31labs.dev/gosx v0.24.0/go.mod h1:xgxWPp775oAzLUBl8FamVdeHrqh2DumaOndU65MbjTE=
m31labs.dev/prism v0.1.0 h1:5KRsHuLH4qQvVaYtUn2VIwGZ0/VjbVscxJ5/xkEQWe0=
m31labs.dev/prism v0.1.0/go.mod h1:y3Eg5GDXRB6G0rNIPOOnmFXpmZGjy4eOjyDMORyWHf8=
m31labs.dev/prism v0.1.1 h1:YdCtvTCI7stHub7UzZHAp2DlS1uQWT4GjC26VNLkWb0=
m31labs.dev/prism v0.1.1/go.mod h1:y3Eg5GDXRB6G0rNIPOOnmFXpmZGjy4eOjyDMORyWHf8=
