github.com/gorilla/websocket v1.5.3 h1:saDtZ6Pbx/0u+bgYQ3q96pZgCzfhKXGPqt7kZ72aNNg=
github.com/gorilla/websocket v1.5.3/go.mod h1:YR8l580nyteQvAITg2hZ9XVh4b55+EU/adAjf1fMHhE=
github.com/odvcencio/gotreesitter v0.20.4 h1:ByyXlrgyskN4kbX26Nd0BV10D18iKa+cEuLPUSKZF24=
github.com/odvcencio/gotreesitter v0.20.4/go.mod h1:hBVkghd0paaYAVwd2087vfwdeU984bQbMo9LvpE0moo=
github.com/odvcencio/turboquant v0.1.3 h1:ec4FowLEwU2us/TderujmxI9nxMbFaLJTsPaa/TRs3o=
github.com/odvcencio/turboquant v0.1.3/go.mod h1:ty5h3EkX85p64iBnvWzUGvDuRr6kplOcCE2KBZLtAf8=
m31labs.dev/gosx v0.25.2 h1:F6aJPLPNIwhQC4CTgwOLNmIrFdV0OBGMlRZagWOUpzA=
m31labs.dev/gosx v0.25.2/go.mod h1:nM4DZqrdSZeubiaaxq50EQtbun74gOmolN0NmTVxGlM=
m31labs.dev/prism v0.1.3 h1:mRtbGQ0Ost7fkeGpmnDRu8OLtcwQd8lY9mk8zObcNpU=
m31labs.dev/prism v0.1.3/go.mod h1:y3Eg5GDXRB6G0rNIPOOnmFXpmZGjy4eOjyDMORyWHf8=
